// !$*UTF8*$!
{
	archiveVersion = 1;
	classes = {
	};
	objectVersion = 50;
	objects = {

/* Begin PBXBuildFile section */
		DE655CED2307EF4F000AE539 /* Resnet50.mlmodel in Sources */ = {isa = PBXBuildFile; fileRef = DE655CEC2307EF4F000AE539 /* Resnet50.mlmodel */; };
		DEBCAE57230108560013D7CA /* AppDelegate.swift in Sources */ = {isa = PBXBuildFile; fileRef = DEBCAE56230108560013D7CA /* AppDelegate.swift */; };
		DEBCAE59230108560013D7CA /* SceneDelegate.swift in Sources */ = {isa = PBXBuildFile; fileRef = DEBCAE58230108560013D7CA /* SceneDelegate.swift */; };
		DEBCAE5B230108560013D7CA /* ContentView.swift in Sources */ = {isa = PBXBuildFile; fileRef = DEBCAE5A230108560013D7CA /* ContentView.swift */; };
		DEBCAE5D230108570013D7CA /* Assets.xcassets in Resources */ = {isa = PBXBuildFile; fileRef = DEBCAE5C230108570013D7CA /* Assets.xcassets */; };
		DEBCAE60230108570013D7CA /* Preview Assets.xcassets in Resources */ = {isa = PBXBuildFile; fileRef = DEBCAE5F230108570013D7CA /* Preview Assets.xcassets */; };
		DEBCAE63230108570013D7CA /* LaunchScreen.storyboard in Resources */ = {isa = PBXBuildFile; fileRef = DEBCAE61230108570013D7CA /* LaunchScreen.storyboard */; };
		DEBCAE6C230108960013D7CA /* ImageView.swift in Sources */ = {isa = PBXBuildFile; fileRef = DEBCAE6B230108960013D7CA /* ImageView.swift */; };
		DEBCAE6E2301091B0013D7CA /* CameraView.swift in Sources */ = {isa = PBXBuildFile; fileRef = DEBCAE6D2301091B0013D7CA /* CameraView.swift */; };
		DEBCAE7023010A290013D7CA /* CameraState.swift in Sources */ = {isa = PBXBuildFile; fileRef = DEBCAE6F23010A290013D7CA /* CameraState.swift */; };
		DEBCBD5A23052A3300E7C35D /* ResultsView.swift in Sources */ = {isa = PBXBuildFile; fileRef = DEBCBD5923052A3300E7C35D /* ResultsView.swift */; };
/* End PBXBuildFile section */

/* Begin PBXFileReference section */
		DE655CEC2307EF4F000AE539 /* Resnet50.mlmodel */ = {isa = PBXFileReference; lastKnownFileType = file.mlmodel; path = Resnet50.mlmodel; sourceTree = "<group>"; };
		DEBCAE53230108560013D7CA /* HotdogNotHotdog.app */ = {isa = PBXFileReference; explicitFileType = wrapper.application; includeInIndex = 0; path = HotdogNotHotdog.app; sourceTree = BUILT_PRODUCTS_DIR; };
		DEBCAE56230108560013D7CA /* AppDelegate.swift */ = {isa = PBXFileReference; lastKnownFileType = sourcecode.swift; path = AppDelegate.swift; sourceTree = "<group>"; };
		DEBCAE58230108560013D7CA /* SceneDelegate.swift */ = {isa = PBXFileReference; lastKnownFileType = sourcecode.swift; path = SceneDelegate.swift; sourceTree = "<group>"; };
		DEBCAE5A230108560013D7CA /* ContentView.swift */ = {isa = PBXFileReference; lastKnownFileType = sourcecode.swift; path = ContentView.swift; sourceTree = "<group>"; };
		DEBCAE5C230108570013D7CA /* Assets.xcassets */ = {isa = PBXFileReference; lastKnownFileType = folder.assetcatalog; path = Assets.xcassets; sourceTree = "<group>"; };
		DEBCAE5F230108570013D7CA /* Preview Assets.xcassets */ = {isa = PBXFileReference; lastKnownFileType = folder.assetcatalog; path = "Preview Assets.xcassets"; sourceTree = "<group>"; };
		DEBCAE62230108570013D7CA /* Base */ = {isa = PBXFileReference; lastKnownFileType = file.storyboard; name = Base; path = Base.lproj/LaunchScreen.storyboard; sourceTree = "<group>"; };
		DEBCAE64230108570013D7CA /* Info.plist */ = {isa = PBXFileReference; lastKnownFileType = text.plist.xml; path = Info.plist; sourceTree = "<group>"; };
		DEBCAE6B230108960013D7CA /* ImageView.swift */ = {isa = PBXFileReference; lastKnownFileType = sourcecode.swift; path = ImageView.swift; sourceTree = "<group>"; };
		DEBCAE6D2301091B0013D7CA /* CameraView.swift */ = {isa = PBXFileReference; lastKnownFileType = sourcecode.swift; path = CameraView.swift; sourceTree = "<group>"; };
		DEBCAE6F23010A290013D7CA /* CameraState.swift */ = {isa = PBXFileReference; lastKnownFileType = sourcecode.swift; path = CameraState.swift; sourceTree = "<group>"; };
		DEBCBD5923052A3300E7C35D /* ResultsView.swift */ = {isa = PBXFileReference; lastKnownFileType = sourcecode.swift; path = ResultsView.swift; sourceTree = "<group>"; };
/* End PBXFileReference section */

/* Begin PBXFrameworksBuildPhase section */
		DEBCAE50230108560013D7CA /* Frameworks */ = {
			isa = PBXFrameworksBuildPhase;
			buildActionMask = 2147483647;
			files = (
			);
			runOnlyForDeploymentPostprocessing = 0;
		};
/* End PBXFrameworksBuildPhase section */

/* Begin PBXGroup section */
		DEBCAE4A230108560013D7CA = {
			isa = PBXGroup;
			children = (
				DEBCAE55230108560013D7CA /* HotdogNotHotdog */,
				DEBCAE54230108560013D7CA /* Products */,
			);
			sourceTree = "<group>";
		};
		DEBCAE54230108560013D7CA /* Products */ = {
			isa = PBXGroup;
			children = (
				DEBCAE53230108560013D7CA /* HotdogNotHotdog.app */,
			);
			name = Products;
			sourceTree = "<group>";
		};
		DEBCAE55230108560013D7CA /* HotdogNotHotdog */ = {
			isa = PBXGroup;
			children = (
				DEBCAE6A230108870013D7CA /* SupportingViews */,
				DEBCAE56230108560013D7CA /* AppDelegate.swift */,
				DEBCAE58230108560013D7CA /* SceneDelegate.swift */,
				DEBCAE5A230108560013D7CA /* ContentView.swift */,
				DEBCAE5C230108570013D7CA /* Assets.xcassets */,
				DEBCAE61230108570013D7CA /* LaunchScreen.storyboard */,
				DEBCAE64230108570013D7CA /* Info.plist */,
				DEBCAE5E230108570013D7CA /* Preview Content */,
				DEBCAE6F23010A290013D7CA /* CameraState.swift */,
				DE655CEC2307EF4F000AE539 /* Resnet50.mlmodel */,
			);
			path = HotdogNotHotdog;
			sourceTree = "<group>";
		};
		DEBCAE5E230108570013D7CA /* Preview Content */ = {
			isa = PBXGroup;
			children = (
				DEBCAE5F230108570013D7CA /* Preview Assets.xcassets */,
			);
			path = "Preview Content";
			sourceTree = "<group>";
		};
		DEBCAE6A230108870013D7CA /* SupportingViews */ = {
			isa = PBXGroup;
			children = (
				DEBCAE6B230108960013D7CA /* ImageView.swift */,
				DEBCAE6D2301091B0013D7CA /* CameraView.swift */,
				DEBCBD5923052A3300E7C35D /* ResultsView.swift */,
			);
			path = SupportingViews;
			sourceTree = "<group>";
		};
/* End PBXGroup section */

/* Begin PBXNativeTarget section */
		DEBCAE52230108560013D7CA /* HotdogNotHotdog */ = {
			isa = PBXNativeTarget;
			buildConfigurationList = DEBCAE67230108570013D7CA /* Build configuration list for PBXNativeTarget "HotdogNotHotdog" */;
			buildPhases = (
				DEBCAE4F230108560013D7CA /* Sources */,
				DEBCAE50230108560013D7CA /* Frameworks */,
				DEBCAE51230108560013D7CA /* Resources */,
			);
			buildRules = (
			);
			dependencies = (
			);
			name = HotdogNotHotdog;
			productName = HotdogNotHotdog;
			productReference = DEBCAE53230108560013D7CA /* HotdogNotHotdog.app */;
			productType = "com.apple.product-type.application";
		};
/* End PBXNativeTarget section */

/* Begin PBXProject section */
		DEBCAE4B230108560013D7CA /* Project object */ = {
			isa = PBXProject;
			attributes = {
				LastSwiftUpdateCheck = 1100;
				LastUpgradeCheck = 1100;
				ORGANIZATIONNAME = SchwiftyUI;
				TargetAttributes = {
					DEBCAE52230108560013D7CA = {
						CreatedOnToolsVersion = 11.0;
					};
				};
			};
			buildConfigurationList = DEBCAE4E230108560013D7CA /* Build configuration list for PBXProject "HotdogNotHotdog" */;
			compatibilityVersion = "Xcode 9.3";
			developmentRegion = en;
			hasScannedForEncodings = 0;
			knownRegions = (
				en,
				Base,
			);
			mainGroup = DEBCAE4A230108560013D7CA;
			productRefGroup = DEBCAE54230108560013D7CA /* Products */;
			projectDirPath = "";
			projectRoot = "";
			targets = (
				DEBCAE52230108560013D7CA /* HotdogNotHotdog */,
			);
		};
/* End PBXProject section */

/* Begin PBXResourcesBuildPhase section */
		DEBCAE51230108560013D7CA /* Resources */ = {
			isa = PBXResourcesBuildPhase;
			buildActionMask = 2147483647;
			files = (
				DEBCAE63230108570013D7CA /* LaunchScreen.storyboard in Resources */,
				DEBCAE60230108570013D7CA /* Preview Assets.xcassets in Resources */,
				DEBCAE5D230108570013D7CA /* Assets.xcassets in Resources */,
			);
			runOnlyForDeploymentPostprocessing = 0;
		};
/* End PBXResourcesBuildPhase section */

/* Begin PBXSourcesBuildPhase section */
		DEBCAE4F230108560013D7CA /* Sources */ = {
			isa = PBXSourcesBuildPhase;
			buildActionMask = 2147483647;
			files = (
				DEBCBD5A23052A3300E7C35D /* ResultsView.swift in Sources */,
				DEBCAE7023010A290013D7CA /* CameraState.swift in Sources */,
				DEBCAE6C230108960013D7CA /* ImageView.swift in Sources */,
				DEBCAE57230108560013D7CA /* AppDelegate.swift in Sources */,
				DEBCAE59230108560013D7CA /* SceneDelegate.swift in Sources */,
				DEBCAE6E2301091B0013D7CA /* CameraView.swift in Sources */,
				DE655CED2307EF4F000AE539 /* Resnet50.mlmodel in Sources */,
				DEBCAE5B230108560013D7CA /* ContentView.swift in Sources */,
			);
			runOnlyForDeploymentPostprocessing = 0;
		};
/* End PBXSourcesBuildPhase section */

/* Begin PBXVariantGroup section */
		DEBCAE61230108570013D7CA /* LaunchScreen.storyboard */ = {
			isa = PBXVariantGroup;
			children = (
				DEBCAE62230108570013D7CA /* Base */,
			);
			name = LaunchScreen.storyboard;
			sourceTree = "<group>";
		};
/* End PBXVariantGroup section */

/* Begin XCBuildConfiguration section */
		DEBCAE65230108570013D7CA /* Debug */ = {
			isa = XCBuildConfiguration;
			buildSettings = {
				ALWAYS_SEARCH_USER_PATHS = NO;
				CLANG_ANALYZER_NONNULL = YES;
				CLANG_ANALYZER_NUMBER_OBJECT_CONVERSION = YES_AGGRESSIVE;
				CLANG_CXX_LANGUAGE_STANDARD = "gnu++14";
				CLANG_CXX_LIBRARY = "libc++";
				CLANG_ENABLE_MODULES = YES;
				CLANG_ENABLE_OBJC_ARC = YES;
				CLANG_ENABLE_OBJC_WEAK = YES;
				CLANG_WARN_BLOCK_CAPTURE_AUTORELEASING = YES;
				CLANG_WARN_BOOL_CONVERSION = YES;
				CLANG_WARN_COMMA = YES;
				CLANG_WARN_CONSTANT_CONVERSION = YES;
				CLANG_WARN_DEPRECATED_OBJC_IMPLEMENTATIONS = YES;
				CLANG_WARN_DIRECT_OBJC_ISA_USAGE = YES_ERROR;
				CLANG_WARN_DOCUMENTATION_COMMENTS = YES;
				CLANG_WARN_EMPTY_BODY = YES;
				CLANG_WARN_ENUM_CONVERSION = YES;
				CLANG_WARN_INFINITE_RECURSION = YES;
				CLANG_WARN_INT_CONVERSION = YES;
				CLANG_WARN_NON_LITERAL_NULL_CONVERSION = YES;
				CLANG_WARN_OBJC_IMPLICIT_RETAIN_SELF = YES;
				CLANG_WARN_OBJC_LITERAL_CONVERSION = YES;
				CLANG_WARN_OBJC_ROOT_CLASS = YES_ERROR;
				CLANG_WARN_RANGE_LOOP_ANALYSIS = YES;
				CLANG_WARN_STRICT_PROTOTYPES = YES;
				CLANG_WARN_SUSPICIOUS_MOVE = YES;
				CLANG_WARN_UNGUARDED_AVAILABILITY = YES_AGGRESSIVE;
				CLANG_WARN_UNREACHABLE_CODE = YES;
				CLANG_WARN__DUPLICATE_METHOD_MATCH = YES;
				COPY_PHASE_STRIP = NO;
				DEBUG_INFORMATION_FORMAT = dwarf;
				ENABLE_STRICT_OBJC_MSGSEND = YES;
				ENABLE_TESTABILITY = YES;
				GCC_C_LANGUAGE_STANDARD = gnu11;
				GCC_DYNAMIC_NO_PIC = NO;
				GCC_NO_COMMON_BLOCKS = YES;
				GCC_OPTIMIZATION_LEVEL = 0;
				GCC_PREPROCESSOR_DEFINITIONS = (
					"DEBUG=1",
					"$(inherited)",
				);
				GCC_WARN_64_TO_32_BIT_CONVERSION = YES;
				GCC_WARN_ABOUT_RETURN_TYPE = YES_ERROR;
				GCC_WARN_UNDECLARED_SELECTOR = YES;
				GCC_WARN_UNINITIALIZED_AUTOS = YES_AGGRESSIVE;
				GCC_WARN_UNUSED_FUNCTION = YES;
				GCC_WARN_UNUSED_VARIABLE = YES;
				IPHONEOS_DEPLOYMENT_TARGET = 13.0;
				MTL_ENABLE_DEBUG_INFO = INCLUDE_SOURCE;
				MTL_FAST_MATH = YES;
				ONLY_ACTIVE_ARCH = YES;
				SDKROOT = iphoneos;
				SWIFT_ACTIVE_COMPILATION_CONDITIONS = DEBUG;
				SWIFT_OPTIMIZATION_LEVEL = "-Onone";
			};
			name = Debug;
		};
		DEBCAE66230108570013D7CA /* Release */ = {
			isa = XCBuildConfiguration;
			buildSettings = {
				ALWAYS_SEARCH_USER_PATHS = NO;
				CLANG_ANALYZER_NONNULL = YES;
				CLANG_ANALYZER_NUMBER_OBJECT_CONVERSION = YES_AGGRESSIVE;
				CLANG_CXX_LANGUAGE_STANDARD = "gnu++14";
				CLANG_CXX_LIBRARY = "libc++";
				CLANG_ENABLE_MODULES = YES;
				CLANG_ENABLE_OBJC_ARC = YES;
				CLANG_ENABLE_OBJC_WEAK = YES;
				CLANG_WARN_BLOCK_CAPTURE_AUTORELEASING = YES;
				CLANG_WARN_BOOL_CONVERSION = YES;
				CLANG_WARN_COMMA = YES;
				CLANG_WARN_CONSTANT_CONVERSION = YES;
				CLANG_WARN_DEPRECATED_OBJC_IMPLEMENTATIONS = YES;
				CLANG_WARN_DIRECT_OBJC_ISA_USAGE = YES_ERROR;
				CLANG_WARN_DOCUMENTATION_COMMENTS = YES;
				CLANG_WARN_EMPTY_BODY = YES;
				CLANG_WARN_ENUM_CONVERSION = YES;
				CLANG_WARN_INFINITE_RECURSION = YES;
				CLANG_WARN_INT_CONVERSION = YES;
				CLANG_WARN_NON_LITERAL_NULL_CONVERSION = YES;
				CLANG_WARN_OBJC_IMPLICIT_RETAIN_SELF = YES;
				CLANG_WARN_OBJC_LITERAL_CONVERSION = YES;
				CLANG_WARN_OBJC_ROOT_CLASS = YES_ERROR;
				CLANG_WARN_RANGE_LOOP_ANALYSIS = YES;
				CLANG_WARN_STRICT_PROTOTYPES = YES;
				CLANG_WARN_SUSPICIOUS_MOVE = YES;
				CLANG_WARN_UNGUARDED_AVAILABILITY = YES_AGGRESSIVE;
				CLANG_WARN_UNREACHABLE_CODE = YES;
				CLANG_WARN__DUPLICATE_METHOD_MATCH = YES;
				COPY_PHASE_STRIP = NO;
				DEBUG_INFORMATION_FORMAT = "dwarf-with-dsym";
				ENABLE_NS_ASSERTIONS = NO;
				ENABLE_STRICT_OBJC_MSGSEND = YES;
				GCC_C_LANGUAGE_STANDARD = gnu11;
				GCC_NO_COMMON_BLOCKS = YES;
				GCC_WARN_64_TO_32_BIT_CONVERSION = YES;
				GCC_WARN_ABOUT_RETURN_TYPE = YES_ERROR;
				GCC_WARN_UNDECLARED_SELECTOR = YES;
				GCC_WARN_UNINITIALIZED_AUTOS = YES_AGGRESSIVE;
				GCC_WARN_UNUSED_FUNCTION = YES;
				GCC_WARN_UNUSED_VARIABLE = YES;
				IPHONEOS_DEPLOYMENT_TARGET = 13.0;
				MTL_ENABLE_DEBUG_INFO = NO;
				MTL_FAST_MATH = YES;
				SDKROOT = iphoneos;
				SWIFT_COMPILATION_MODE = wholemodule;
				SWIFT_OPTIMIZATION_LEVEL = "-O";
				VALIDATE_PRODUCT = YES;
			};
			name = Release;
		};
		DEBCAE68230108570013D7CA /* Debug */ = {
			isa = XCBuildConfiguration;
			buildSettings = {
				ASSETCATALOG_COMPILER_APPICON_NAME = AppIcon;
				CODE_SIGN_STYLE = Automatic;
				DEVELOPMENT_ASSET_PATHS = "HotdogNotHotdog/Preview\\ Content";
				ENABLE_PREVIEWS = YES;
				INFOPLIST_FILE = HotdogNotHotdog/Info.plist;
				LD_RUNPATH_SEARCH_PATHS = (
					"$(inherited)",
					"@executable_path/Frameworks",
				);
				PRODUCT_BUNDLE_IDENTIFIER = SchwiftyUI.HotdogNotHotdog;
				PRODUCT_NAME = "$(TARGET_NAME)";
				SWIFT_VERSION = 5.0;
				TARGETED_DEVICE_FAMILY = "1,2";
			};
			name = Debug;
		};
		DEBCAE69230108570013D7CA /* Release */ = {
			isa = XCBuildConfiguration;
			buildSettings = {
				ASSETCATALOG_COMPILER_APPICON_NAME = AppIcon;
				CODE_SIGN_STYLE = Automatic;
				DEVELOPMENT_ASSET_PATHS = "HotdogNotHotdog/Preview\\ Content";
				ENABLE_PREVIEWS = YES;
				INFOPLIST_FILE = HotdogNotHotdog/Info.plist;
				LD_RUNPATH_SEARCH_PATHS = (
					"$(inherited)",
					"@executable_path/Frameworks",
				);
				PRODUCT_BUNDLE_IDENTIFIER = SchwiftyUI.HotdogNotHotdog;
				PRODUCT_NAME = "$(TARGET_NAME)";
				SWIFT_VERSION = 5.0;
				TARGETED_DEVICE_FAMILY = "1,2";
			};
			name = Release;
		};
/* End XCBuildConfiguration section */

/* Begin XCConfigurationList section */
		DEBCAE4E230108560013D7CA /* Build configuration list for PBXProject "HotdogNotHotdog" */ = {
			isa = XCConfigurationList;
			buildConfigurations = (
				DEBCAE65230108570013D7CA /* Debug */,
				DEBCAE66230108570013D7CA /* Release */,
			);
			defaultConfigurationIsVisible = 0;
			defaultConfigurationName = Release;
		};
		DEBCAE67230108570013D7CA /* Build configuration list for PBXNativeTarget "HotdogNotHotdog" */ = {
			isa = XCConfigurationList;
			buildConfigurations = (
				DEBCAE68230108570013D7CA /* Debug */,
				DEBCAE69230108570013D7CA /* Release */,
			);
			defaultConfigurationIsVisible = 0;
			defaultConfigurationName = Release;
		};
/* End XCConfigurationList section */
	};
	rootObject = DEBCAE4B230108560013D7CA /* Project object */;
}
